{
  "name": "@ucd-lib/cork-input",
  "version": "1.0.0",
  "lockfileVersion": 1,
  "requires": true,
  "dependencies": {
    "@polymer/font-roboto": {
      "version": "3.0.0-pre.19",
      "resolved": "https://registry.npmjs.org/@polymer/font-roboto/-/font-roboto-3.0.0-pre.19.tgz",
      "integrity": "sha512-brLUbgLGzBVNlmHhpDHnWdPI6KNkHmTjtX+82dvHpeuUjPsey2uH4fFofWC+m29/yxY+GH5RGv493AfRUDcokQ=="
    },
    "@polymer/iron-flex-layout": {
      "version": "3.0.0-pre.19",
      "resolved": "https://registry.npmjs.org/@polymer/iron-flex-layout/-/iron-flex-layout-3.0.0-pre.19.tgz",
      "integrity": "sha512-EZ25vUjmZXLc0hKJj338Ec1fQwemBsfe+Zo5d6ThzJzoSq72uGlZ8deLYNiAhIw6UZZxWttXcN6c/2kZ4qV18A==",
      "requires": {
        "@polymer/polymer": "^3.0.0"
      }
    },
    "@polymer/paper-styles": {
      "version": "3.0.0-pre.19",
      "resolved": "https://registry.npmjs.org/@polymer/paper-styles/-/paper-styles-3.0.0-pre.19.tgz",
      "integrity": "sha512-ASspmHr6GJjDiPxOVsqR2mFSQim13nGy03iLeyBXxX9QQa1rXI6r16/HShBvg8MrncQSRRUHqkFCfRWO3CKpwA==",
      "requires": {
        "@polymer/font-roboto": "^3.0.0-pre.19",
        "@polymer/iron-flex-layout": "^3.0.0-pre.19",
        "@polymer/polymer": "^3.0.0"
      }
    },
    "@polymer/polymer": {
      "version": "3.0.2",
      "resolved": "https://registry.npmjs.org/@polymer/polymer/-/polymer-3.0.2.tgz",
      "integrity": "sha512-ow8AAjTe9ps8bantY9IvL0PT+xHf5VN3Cjahfr7gBJAc0lv3jTwGBv7pso65SHyrUJEEHeakhx6iPMl7qY4tfw==",
      "requires": {
        "@webcomponents/shadycss": "^1.2.0"
      }
    },
    "@ucd-lib/cork-style": {
      "version": "1.0.0",
      "resolved": "https://registry.npmjs.org/@ucd-lib/cork-style/-/cork-style-1.0.0.tgz",
      "integrity": "sha512-l7xyQbP1eAbKwHiRBNPXM88XID1v/bwhqZzRg2uSkbVwZFhW8tTxJh/1TEH8KpixhlmTN4ZE1Xe57X1ujDmxDw==",
      "requires": {
        "@polymer/paper-styles": "^3.0.0-pre.12",
        "@polymer/polymer": "^3.0.0-pre.12"
      }
    },
    "@webcomponents/shadycss": {
      "version": "1.2.1",
      "resolved": "https://registry.npmjs.org/@webcomponents/shadycss/-/shadycss-1.2.1.tgz",
      "integrity": "sha512-ZnjFb1Wf81CqMgs1dbT6JT6N4nY32bs2r5YC/5GSIb/ozJGR+UYs3ldJxtk1v5uZzPRIsAWv7wYSJcCp6ml8+A=="
    }
  }
}
